// !$*UTF8*$!
{
	archiveVersion = 1;
	classes = {
	};
	objectVersion = 51;
	objects = {

/* Begin PBXBuildFile section */
		08F5408C4363693E628FD872 /* Assets.xcassets in Resources */ = {isa = PBXBuildFile; fileRef = CDE0E1C801B89340014406C4 /* Assets.xcassets */; };
		5755DA7C307140CB87B0C94E /* AlamofireImage.framework in Frameworks */ = {isa = PBXBuildFile; fileRef = DA2C594D9134E84BEDA76356 /* AlamofireImage.framework */; };
		8E4D785B92B7E554A448BE35 /* AppDelegate.swift in Sources */ = {isa = PBXBuildFile; fileRef = 4763E7F3C6BD0FA62CCF410B /* AppDelegate.swift */; };
		97C07F011F7F6388E034C897 /* Alamofire.framework in Frameworks */ = {isa = PBXBuildFile; fileRef = 17185AB13D66FBA9BA4FF0EE /* Alamofire.framework */; };
		C5B3465DC7E0C0AA85D7E1EC /* LaunchScreen.storyboard in Resources */ = {isa = PBXBuildFile; fileRef = 34B4DA385691566DF2768FEF /* LaunchScreen.storyboard */; };
		E85613B86EE312ADD2436D4B /* Moya.framework in Frameworks */ = {isa = PBXBuildFile; fileRef = EDBAA8F9A65D49BF2AA974AF /* Moya.framework */; };
/* End PBXBuildFile section */

/* Begin PBXFileReference section */
		17185AB13D66FBA9BA4FF0EE /* Alamofire.framework */ = {isa = PBXFileReference; lastKnownFileType = wrapper.framework; path = Alamofire.framework; sourceTree = "<group>"; };
		4763E7F3C6BD0FA62CCF410B /* AppDelegate.swift */ = {isa = PBXFileReference; lastKnownFileType = sourcecode.swift; path = AppDelegate.swift; sourceTree = "<group>"; };
		83D8BB2D1BC5F1E72198FFAE /* Info.plist */ = {isa = PBXFileReference; lastKnownFileType = text.plist; path = Info.plist; sourceTree = "<group>"; };
		AD0B18B67A2F69E22F52514E /* octane-gg.app */ = {isa = PBXFileReference; includeInIndex = 0; lastKnownFileType = wrapper.application; path = "octane-gg.app"; sourceTree = BUILT_PRODUCTS_DIR; };
		CDE0E1C801B89340014406C4 /* Assets.xcassets */ = {isa = PBXFileReference; lastKnownFileType = folder.assetcatalog; path = Assets.xcassets; sourceTree = "<group>"; };
		DA2C594D9134E84BEDA76356 /* AlamofireImage.framework */ = {isa = PBXFileReference; lastKnownFileType = wrapper.framework; path = AlamofireImage.framework; sourceTree = "<group>"; };
		EDBAA8F9A65D49BF2AA974AF /* Moya.framework */ = {isa = PBXFileReference; lastKnownFileType = wrapper.framework; path = Moya.framework; sourceTree = "<group>"; };
		F172C8666E9ABBF93D170518 /* Base */ = {isa = PBXFileReference; lastKnownFileType = file.storyboard; name = Base; path = Base.lproj/LaunchScreen.storyboard; sourceTree = "<group>"; };
/* End PBXFileReference section */

/* Begin PBXFrameworksBuildPhase section */
		8C9276054096A886C1E5EB5B /* Frameworks */ = {
			isa = PBXFrameworksBuildPhase;
			buildActionMask = 2147483647;
			files = (
				97C07F011F7F6388E034C897 /* Alamofire.framework in Frameworks */,
				5755DA7C307140CB87B0C94E /* AlamofireImage.framework in Frameworks */,
				E85613B86EE312ADD2436D4B /* Moya.framework in Frameworks */,
			);
			runOnlyForDeploymentPostprocessing = 0;
		};
/* End PBXFrameworksBuildPhase section */

/* Begin PBXGroup section */
		147DDF91BA0BC54049631D8E /* octane-gg */ = {
			isa = PBXGroup;
			children = (
				DB61D28259B41C4A8183210E /* octane-gg */,
			);
			name = "octane-gg";
			path = .;
			sourceTree = "<group>";
		};
		3D7C0FB9320E0D73E7DCEB3D /* Products */ = {
			isa = PBXGroup;
			children = (
				AD0B18B67A2F69E22F52514E /* octane-gg.app */,
			);
			name = Products;
			sourceTree = "<group>";
		};
		5C4638FBDA51059AB71043F1 = {
			isa = PBXGroup;
			children = (
				147DDF91BA0BC54049631D8E /* octane-gg */,
				9438C0545FE2E9C9B008180C /* Frameworks */,
				3D7C0FB9320E0D73E7DCEB3D /* Products */,
			);
			sourceTree = "<group>";
		};
		93A2C9194528C6BBE6E6B3D3 /* Storyboards */ = {
			isa = PBXGroup;
			children = (
				34B4DA385691566DF2768FEF /* LaunchScreen.storyboard */,
			);
			path = Storyboards;
			sourceTree = "<group>";
		};
		9438C0545FE2E9C9B008180C /* Frameworks */ = {
			isa = PBXGroup;
			children = (
				E893000C2955490A134DDCFF /* Carthage */,
			);
			name = Frameworks;
			sourceTree = "<group>";
		};
		9B4963AFC7834B0D5BFAF0E3 /* iOS */ = {
			isa = PBXGroup;
			children = (
				17185AB13D66FBA9BA4FF0EE /* Alamofire.framework */,
				DA2C594D9134E84BEDA76356 /* AlamofireImage.framework */,
				EDBAA8F9A65D49BF2AA974AF /* Moya.framework */,
			);
			path = iOS;
			sourceTree = "<group>";
		};
		DB61D28259B41C4A8183210E /* octane-gg */ = {
			isa = PBXGroup;
			children = (
				4763E7F3C6BD0FA62CCF410B /* AppDelegate.swift */,
				CDE0E1C801B89340014406C4 /* Assets.xcassets */,
				93A2C9194528C6BBE6E6B3D3 /* Storyboards */,
				E8CAD9CAEDFA6F45916FEE4E /* Support */,
			);
			path = "octane-gg";
			sourceTree = "<group>";
		};
		E893000C2955490A134DDCFF /* Carthage */ = {
			isa = PBXGroup;
			children = (
				9B4963AFC7834B0D5BFAF0E3 /* iOS */,
			);
			name = Carthage;
			path = Carthage/Build;
			sourceTree = "<group>";
		};
		E8CAD9CAEDFA6F45916FEE4E /* Support */ = {
			isa = PBXGroup;
			children = (
				83D8BB2D1BC5F1E72198FFAE /* Info.plist */,
			);
			path = Support;
			sourceTree = "<group>";
		};
/* End PBXGroup section */

/* Begin PBXNativeTarget section */
		CD7708FCDAEC480F51A24222 /* octane-gg */ = {
			isa = PBXNativeTarget;
			buildConfigurationList = BAA09C4EF1D23C325546ED34 /* Build configuration list for PBXNativeTarget "octane-gg" */;
			buildPhases = (
				67F7F537E8A9DFE3783FD9B6 /* Sources */,
				6D16073EA0A4385DC1BC3CCF /* Resources */,
				857C5590C109BD8FCE61F7F2 /* Carthage */,
				8C9276054096A886C1E5EB5B /* Frameworks */,
			);
			buildRules = (
			);
			dependencies = (
			);
			name = "octane-gg";
			productName = "octane-gg";
			productReference = AD0B18B67A2F69E22F52514E /* octane-gg.app */;
			productType = "com.apple.product-type.application";
		};
/* End PBXNativeTarget section */

/* Begin PBXProject section */
		FD6C3F307F3F99FD49E633EB /* Project object */ = {
			isa = PBXProject;
			attributes = {
				LastUpgradeCheck = 1210;
				TargetAttributes = {
				};
			};
			buildConfigurationList = 544EA2FA6A4D6EF324F31169 /* Build configuration list for PBXProject "octane-gg" */;
			compatibilityVersion = "Xcode 10.0";
			developmentRegion = en;
			hasScannedForEncodings = 0;
			knownRegions = (
				Base,
				en,
			);
			mainGroup = 5C4638FBDA51059AB71043F1;
			projectDirPath = "";
			projectRoot = "";
			targets = (
				CD7708FCDAEC480F51A24222 /* octane-gg */,
			);
		};
/* End PBXProject section */

/* Begin PBXResourcesBuildPhase section */
		6D16073EA0A4385DC1BC3CCF /* Resources */ = {
			isa = PBXResourcesBuildPhase;
			buildActionMask = 2147483647;
			files = (
				08F5408C4363693E628FD872 /* Assets.xcassets in Resources */,
				C5B3465DC7E0C0AA85D7E1EC /* LaunchScreen.storyboard in Resources */,
			);
			runOnlyForDeploymentPostprocessing = 0;
		};
/* End PBXResourcesBuildPhase section */

/* Begin PBXShellScriptBuildPhase section */
		857C5590C109BD8FCE61F7F2 /* Carthage */ = {
			isa = PBXShellScriptBuildPhase;
			buildActionMask = 2147483647;
			files = (
			);
			inputPaths = (
				"$(SRCROOT)/Carthage/Build/iOS/Alamofire.framework",
				"$(SRCROOT)/Carthage/Build/iOS/AlamofireImage.framework",
				"$(SRCROOT)/Carthage/Build/iOS/Moya.framework",
			);
			name = Carthage;
			outputPaths = (
				"$(BUILT_PRODUCTS_DIR)/$(FRAMEWORKS_FOLDER_PATH)/Alamofire.framework",
				"$(BUILT_PRODUCTS_DIR)/$(FRAMEWORKS_FOLDER_PATH)/AlamofireImage.framework",
				"$(BUILT_PRODUCTS_DIR)/$(FRAMEWORKS_FOLDER_PATH)/Moya.framework",
			);
			runOnlyForDeploymentPostprocessing = 0;
			shellPath = /bin/sh;
			shellScript = "carthage copy-frameworks\n";
		};
/* End PBXShellScriptBuildPhase section */

/* Begin PBXSourcesBuildPhase section */
		67F7F537E8A9DFE3783FD9B6 /* Sources */ = {
			isa = PBXSourcesBuildPhase;
			buildActionMask = 2147483647;
			files = (
				8E4D785B92B7E554A448BE35 /* AppDelegate.swift in Sources */,
			);
			runOnlyForDeploymentPostprocessing = 0;
		};
/* End PBXSourcesBuildPhase section */

/* Begin PBXVariantGroup section */
		34B4DA385691566DF2768FEF /* LaunchScreen.storyboard */ = {
			isa = PBXVariantGroup;
			children = (
				F172C8666E9ABBF93D170518 /* Base */,
			);
			name = LaunchScreen.storyboard;
			sourceTree = "<group>";
		};
/* End PBXVariantGroup section */

/* Begin XCBuildConfiguration section */
		334553E53F6511B922326703 /* Debug */ = {
			isa = XCBuildConfiguration;
			buildSettings = {
				ASSETCATALOG_COMPILER_APPICON_NAME = AppIcon;
				CODE_SIGN_IDENTITY = "iPhone Developer";
				FRAMEWORK_SEARCH_PATHS = (
					"$(inherited)",
					"$(PROJECT_DIR)/Carthage/Build/iOS",
				);
				INFOPLIST_FILE = "octane-gg/Support/Info.plist";
				IPHONEOS_DEPLOYMENT_TARGET = 14.1;
				LD_RUNPATH_SEARCH_PATHS = (
					"$(inherited)",
					"@executable_path/Frameworks",
				);
				PRODUCT_BUNDLE_IDENTIFIER = "cosmik.octane-gg";
				SDKROOT = iphoneos;
				TARGETED_DEVICE_FAMILY = 1;
			};
			name = Debug;
		};
		4CC4AD4134B4A3A6F836AC9F /* Release */ = {
			isa = XCBuildConfiguration;
			buildSettings = {
				ASSETCATALOG_COMPILER_APPICON_NAME = AppIcon;
				CODE_SIGN_IDENTITY = "iPhone Developer";
				FRAMEWORK_SEARCH_PATHS = (
					"$(inherited)",
					"$(PROJECT_DIR)/Carthage/Build/iOS",
				);
				INFOPLIST_FILE = "octane-gg/Support/Info.plist";
				IPHONEOS_DEPLOYMENT_TARGET = 14.1;
				LD_RUNPATH_SEARCH_PATHS = (
					"$(inherited)",
					"@executable_path/Frameworks",
				);
				PRODUCT_BUNDLE_IDENTIFIER = "cosmik.octane-gg";
				SDKROOT = iphoneos;
				TARGETED_DEVICE_FAMILY = 1;
			};
			name = Release;
		};
		92B5B777D474C470F7AA150E /* Release */ = {
			isa = XCBuildConfiguration;
			buildSettings = {
				ALWAYS_SEARCH_USER_PATHS = NO;
				CLANG_ANALYZER_NONNULL = YES;
				CLANG_ANALYZER_NUMBER_OBJECT_CONVERSION = YES_AGGRESSIVE;
				CLANG_CXX_LANGUAGE_STANDARD = "gnu++14";
				CLANG_CXX_LIBRARY = "libc++";
				CLANG_ENABLE_MODULES = YES;
				CLANG_ENABLE_OBJC_ARC = YES;
				CLANG_ENABLE_OBJC_WEAK = YES;
				CLANG_WARN_BLOCK_CAPTURE_AUTORELEASING = YES;
				CLANG_WARN_BOOL_CONVERSION = YES;
				CLANG_WARN_COMMA = YES;
				CLANG_WARN_CONSTANT_CONVERSION = YES;
				CLANG_WARN_DEPRECATED_OBJC_IMPLEMENTATIONS = YES;
				CLANG_WARN_DIRECT_OBJC_ISA_USAGE = YES_ERROR;
				CLANG_WARN_DOCUMENTATION_COMMENTS = YES;
				CLANG_WARN_EMPTY_BODY = YES;
				CLANG_WARN_ENUM_CONVERSION = YES;
				CLANG_WARN_INFINITE_RECURSION = YES;
				CLANG_WARN_INT_CONVERSION = YES;
				CLANG_WARN_NON_LITERAL_NULL_CONVERSION = YES;
				CLANG_WARN_OBJC_IMPLICIT_RETAIN_SELF = YES;
				CLANG_WARN_OBJC_LITERAL_CONVERSION = YES;
				CLANG_WARN_OBJC_ROOT_CLASS = YES_ERROR;
				CLANG_WARN_QUOTED_INCLUDE_IN_FRAMEWORK_HEADER = YES;
				CLANG_WARN_RANGE_LOOP_ANALYSIS = YES;
				CLANG_WARN_STRICT_PROTOTYPES = YES;
				CLANG_WARN_SUSPICIOUS_MOVE = YES;
				CLANG_WARN_UNGUARDED_AVAILABILITY = YES_AGGRESSIVE;
				CLANG_WARN_UNREACHABLE_CODE = YES;
				CLANG_WARN__DUPLICATE_METHOD_MATCH = YES;
				COPY_PHASE_STRIP = NO;
				DEBUG_INFORMATION_FORMAT = "dwarf-with-dsym";
				ENABLE_NS_ASSERTIONS = NO;
				ENABLE_STRICT_OBJC_MSGSEND = YES;
				GCC_C_LANGUAGE_STANDARD = gnu11;
				GCC_NO_COMMON_BLOCKS = YES;
				GCC_WARN_64_TO_32_BIT_CONVERSION = YES;
				GCC_WARN_ABOUT_RETURN_TYPE = YES_ERROR;
				GCC_WARN_UNDECLARED_SELECTOR = YES;
				GCC_WARN_UNINITIALIZED_AUTOS = YES_AGGRESSIVE;
				GCC_WARN_UNUSED_FUNCTION = YES;
				GCC_WARN_UNUSED_VARIABLE = YES;
				IPHONEOS_DEPLOYMENT_TARGET = 14.1;
				MTL_ENABLE_DEBUG_INFO = NO;
				MTL_FAST_MATH = YES;
				PRODUCT_NAME = "$(TARGET_NAME)";
				SDKROOT = iphoneos;
				SWIFT_COMPILATION_MODE = wholemodule;
				SWIFT_OPTIMIZATION_LEVEL = "-O";
				SWIFT_VERSION = 5.0;
			};
			name = Release;
		};
		CB360FFF42E5119D990F5760 /* Debug */ = {
			isa = XCBuildConfiguration;
			buildSettings = {
				ALWAYS_SEARCH_USER_PATHS = NO;
				CLANG_ANALYZER_NONNULL = YES;
				CLANG_ANALYZER_NUMBER_OBJECT_CONVERSION = YES_AGGRESSIVE;
				CLANG_CXX_LANGUAGE_STANDARD = "gnu++14";
				CLANG_CXX_LIBRARY = "libc++";
				CLANG_ENABLE_MODULES = YES;
				CLANG_ENABLE_OBJC_ARC = YES;
				CLANG_ENABLE_OBJC_WEAK = YES;
				CLANG_WARN_BLOCK_CAPTURE_AUTORELEASING = YES;
				CLANG_WARN_BOOL_CONVERSION = YES;
				CLANG_WARN_COMMA = YES;
				CLANG_WARN_CONSTANT_CONVERSION = YES;
				CLANG_WARN_DEPRECATED_OBJC_IMPLEMENTATIONS = YES;
				CLANG_WARN_DIRECT_OBJC_ISA_USAGE = YES_ERROR;
				CLANG_WARN_DOCUMENTATION_COMMENTS = YES;
				CLANG_WARN_EMPTY_BODY = YES;
				CLANG_WARN_ENUM_CONVERSION = YES;
				CLANG_WARN_INFINITE_RECURSION = YES;
				CLANG_WARN_INT_CONVERSION = YES;
				CLANG_WARN_NON_LITERAL_NULL_CONVERSION = YES;
				CLANG_WARN_OBJC_IMPLICIT_RETAIN_SELF = YES;
				CLANG_WARN_OBJC_LITERAL_CONVERSION = YES;
				CLANG_WARN_OBJC_ROOT_CLASS = YES_ERROR;
				CLANG_WARN_QUOTED_INCLUDE_IN_FRAMEWORK_HEADER = YES;
				CLANG_WARN_RANGE_LOOP_ANALYSIS = YES;
				CLANG_WARN_STRICT_PROTOTYPES = YES;
				CLANG_WARN_SUSPICIOUS_MOVE = YES;
				CLANG_WARN_UNGUARDED_AVAILABILITY = YES_AGGRESSIVE;
				CLANG_WARN_UNREACHABLE_CODE = YES;
				CLANG_WARN__DUPLICATE_METHOD_MATCH = YES;
				COPY_PHASE_STRIP = NO;
				DEBUG_INFORMATION_FORMAT = dwarf;
				ENABLE_STRICT_OBJC_MSGSEND = YES;
				ENABLE_TESTABILITY = YES;
				GCC_C_LANGUAGE_STANDARD = gnu11;
				GCC_DYNAMIC_NO_PIC = NO;
				GCC_NO_COMMON_BLOCKS = YES;
				GCC_OPTIMIZATION_LEVEL = 0;
				GCC_PREPROCESSOR_DEFINITIONS = (
					"$(inherited)",
					"DEBUG=1",
				);
				GCC_WARN_64_TO_32_BIT_CONVERSION = YES;
				GCC_WARN_ABOUT_RETURN_TYPE = YES_ERROR;
				GCC_WARN_UNDECLARED_SELECTOR = YES;
				GCC_WARN_UNINITIALIZED_AUTOS = YES_AGGRESSIVE;
				GCC_WARN_UNUSED_FUNCTION = YES;
				GCC_WARN_UNUSED_VARIABLE = YES;
				IPHONEOS_DEPLOYMENT_TARGET = 14.1;
				MTL_ENABLE_DEBUG_INFO = INCLUDE_SOURCE;
				MTL_FAST_MATH = YES;
				ONLY_ACTIVE_ARCH = YES;
				PRODUCT_NAME = "$(TARGET_NAME)";
				SDKROOT = iphoneos;
				SWIFT_ACTIVE_COMPILATION_CONDITIONS = DEBUG;
				SWIFT_OPTIMIZATION_LEVEL = "-Onone";
				SWIFT_VERSION = 5.0;
			};
			name = Debug;
		};
/* End XCBuildConfiguration section */

/* Begin XCConfigurationList section */
		544EA2FA6A4D6EF324F31169 /* Build configuration list for PBXProject "octane-gg" */ = {
			isa = XCConfigurationList;
			buildConfigurations = (
				CB360FFF42E5119D990F5760 /* Debug */,
				92B5B777D474C470F7AA150E /* Release */,
			);
			defaultConfigurationIsVisible = 0;
			defaultConfigurationName = Debug;
		};
		BAA09C4EF1D23C325546ED34 /* Build configuration list for PBXNativeTarget "octane-gg" */ = {
			isa = XCConfigurationList;
			buildConfigurations = (
				334553E53F6511B922326703 /* Debug */,
				4CC4AD4134B4A3A6F836AC9F /* Release */,
			);
			defaultConfigurationIsVisible = 0;
			defaultConfigurationName = Debug;
		};
/* End XCConfigurationList section */
	};
	rootObject = FD6C3F307F3F99FD49E633EB /* Project object */;
}
